PODS:
  - CloudCore (3.0.1)
  - FloatingPanel (1.7.5)

DEPENDENCIES:
  - CloudCore
  - FloatingPanel

SPEC REPOS:
  https://github.com/cocoapods/specs.git:
    - CloudCore
    - FloatingPanel

SPEC CHECKSUMS:
  CloudCore: 605345ab755affeb1d8320c467d87c7d0aa746a9
  FloatingPanel: bb17fd6fc7ae519f877f7bd30f4f6115a78acf07

PODFILE CHECKSUM: b8f338fc11fb72f181a4edf7c6d9e76c450a0114

COCOAPODS: 1.7.5
