PODS:
  - CloudCore (3.0.1)
  - FloatingPanel (1.7.5)

DEPENDENCIES:
  - CloudCore
  - FloatingPanel

SPEC REPOS:
  trunk:
    - CloudCore
    - FloatingPanel

SPEC CHECKSUMS:
  CloudCore: 605345ab755affeb1d8320c467d87c7d0aa746a9
  FloatingPanel: bb17fd6fc7ae519f877f7bd30f4f6115a78acf07

PODFILE CHECKSUM: ac0f19b59a918cce2cec5cee1580390b8739950e

COCOAPODS: 1.9.3
