{
  "pins" : [
    {
      "identity" : "floatingpanel",
      "kind" : "remoteSourceControl",
      "location" : "https://github.com/scenee/FloatingPanel",
      "state" : {
        "revision" : "ca7596e1cae161415f54059a8c44b82c95724160",
        "version" : "1.7.6"
      }
    }
  ],
  "version" : 2
}
