{
  "pins" : [
    {
      "identity" : "floatingpanel",
      "kind" : "remoteSourceControl",
      "location" : "https://github.com/scenee/FloatingPanel",
      "state" : {
        "revision" : "5b33d3d5ff1f50f4a2d64158ccfe8c07b5a3e649",
        "version" : "2.8.1"
      }
    }
  ],
  "version" : 2
}
