// !$*UTF8*$!
{
	archiveVersion = 1;
	classes = {
	};
	objectVersion = 50;
	objects = {

/* Begin PBXBuildFile section */
		435DC186D6AD8B2957B5E261 /* Pods_MuniTracker.framework in Frameworks */ = {isa = PBXBuildFile; fileRef = 86D6C11870C9016B764B79D1 /* Pods_MuniTracker.framework */; };
		7A4930C420D788EA008208D1 /* MapKit.framework in Frameworks */ = {isa = PBXBuildFile; fileRef = 7A4930C320D788EA008208D1 /* MapKit.framework */; };
		7A61EF8420D77BE100481037 /* RouteInfoPickerViewController.swift in Sources */ = {isa = PBXBuildFile; fileRef = 7A61EF8320D77BE100481037 /* RouteInfoPickerViewController.swift */; };
		7A71722B20D70943002144D5 /* RoutesTableViewController.swift in Sources */ = {isa = PBXBuildFile; fileRef = 7A71722A20D70943002144D5 /* RoutesTableViewController.swift */; };
		7AD81E0A20D6E60C004BAB1E /* AppDelegate.swift in Sources */ = {isa = PBXBuildFile; fileRef = 7AD81E0920D6E60C004BAB1E /* AppDelegate.swift */; };
		7AD81E0C20D6E60C004BAB1E /* MainMapViewController.swift in Sources */ = {isa = PBXBuildFile; fileRef = 7AD81E0B20D6E60C004BAB1E /* MainMapViewController.swift */; };
		7AD81E0F20D6E60C004BAB1E /* Main.storyboard in Resources */ = {isa = PBXBuildFile; fileRef = 7AD81E0D20D6E60C004BAB1E /* Main.storyboard */; };
		7AD81E1220D6E60C004BAB1E /* MuniTracker.xcdatamodeld in Sources */ = {isa = PBXBuildFile; fileRef = 7AD81E1020D6E60C004BAB1E /* MuniTracker.xcdatamodeld */; };
		7AD81E1420D6E60D004BAB1E /* Assets.xcassets in Resources */ = {isa = PBXBuildFile; fileRef = 7AD81E1320D6E60D004BAB1E /* Assets.xcassets */; };
		7AD81E1720D6E60D004BAB1E /* LaunchScreen.storyboard in Resources */ = {isa = PBXBuildFile; fileRef = 7AD81E1520D6E60D004BAB1E /* LaunchScreen.storyboard */; };
		7AD81E1F20D6EEDB004BAB1E /* RouteDataManager.swift in Sources */ = {isa = PBXBuildFile; fileRef = 7AD81E1E20D6EEDB004BAB1E /* RouteDataManager.swift */; };
/* End PBXBuildFile section */

/* Begin PBXFileReference section */
		5A38DAEA35C5177D4880DE8B /* Pods-MuniTracker.debug.xcconfig */ = {isa = PBXFileReference; includeInIndex = 1; lastKnownFileType = text.xcconfig; name = "Pods-MuniTracker.debug.xcconfig"; path = "Pods/Target Support Files/Pods-MuniTracker/Pods-MuniTracker.debug.xcconfig"; sourceTree = "<group>"; };
		7A4930C220D788BB008208D1 /* MuniTracker.entitlements */ = {isa = PBXFileReference; lastKnownFileType = text.plist.entitlements; path = MuniTracker.entitlements; sourceTree = "<group>"; };
		7A4930C320D788EA008208D1 /* MapKit.framework */ = {isa = PBXFileReference; lastKnownFileType = wrapper.framework; name = MapKit.framework; path = System/Library/Frameworks/MapKit.framework; sourceTree = SDKROOT; };
		7A61EF8320D77BE100481037 /* RouteInfoPickerViewController.swift */ = {isa = PBXFileReference; lastKnownFileType = sourcecode.swift; path = RouteInfoPickerViewController.swift; sourceTree = "<group>"; };
		7A71722A20D70943002144D5 /* RoutesTableViewController.swift */ = {isa = PBXFileReference; lastKnownFileType = sourcecode.swift; path = RoutesTableViewController.swift; sourceTree = "<group>"; };
		7AD81E0620D6E60C004BAB1E /* MuniTracker.app */ = {isa = PBXFileReference; explicitFileType = wrapper.application; includeInIndex = 0; path = MuniTracker.app; sourceTree = BUILT_PRODUCTS_DIR; };
		7AD81E0920D6E60C004BAB1E /* AppDelegate.swift */ = {isa = PBXFileReference; lastKnownFileType = sourcecode.swift; path = AppDelegate.swift; sourceTree = "<group>"; };
		7AD81E0B20D6E60C004BAB1E /* MainMapViewController.swift */ = {isa = PBXFileReference; lastKnownFileType = sourcecode.swift; path = MainMapViewController.swift; sourceTree = "<group>"; };
		7AD81E0E20D6E60C004BAB1E /* Base */ = {isa = PBXFileReference; lastKnownFileType = file.storyboard; name = Base; path = Base.lproj/Main.storyboard; sourceTree = "<group>"; };
		7AD81E1120D6E60C004BAB1E /* MuniTracker.xcdatamodel */ = {isa = PBXFileReference; lastKnownFileType = wrapper.xcdatamodel; path = MuniTracker.xcdatamodel; sourceTree = "<group>"; };
		7AD81E1320D6E60D004BAB1E /* Assets.xcassets */ = {isa = PBXFileReference; lastKnownFileType = folder.assetcatalog; path = Assets.xcassets; sourceTree = "<group>"; };
		7AD81E1620D6E60D004BAB1E /* Base */ = {isa = PBXFileReference; lastKnownFileType = file.storyboard; name = Base; path = Base.lproj/LaunchScreen.storyboard; sourceTree = "<group>"; };
		7AD81E1820D6E60D004BAB1E /* Info.plist */ = {isa = PBXFileReference; lastKnownFileType = text.plist.xml; path = Info.plist; sourceTree = "<group>"; };
		7AD81E1E20D6EEDB004BAB1E /* RouteDataManager.swift */ = {isa = PBXFileReference; lastKnownFileType = sourcecode.swift; path = RouteDataManager.swift; sourceTree = "<group>"; };
		86D6C11870C9016B764B79D1 /* Pods_MuniTracker.framework */ = {isa = PBXFileReference; explicitFileType = wrapper.framework; includeInIndex = 0; path = Pods_MuniTracker.framework; sourceTree = BUILT_PRODUCTS_DIR; };
		D077087D7D618904FC9606AF /* Pods-MuniTracker.release.xcconfig */ = {isa = PBXFileReference; includeInIndex = 1; lastKnownFileType = text.xcconfig; name = "Pods-MuniTracker.release.xcconfig"; path = "Pods/Target Support Files/Pods-MuniTracker/Pods-MuniTracker.release.xcconfig"; sourceTree = "<group>"; };
/* End PBXFileReference section */

/* Begin PBXFrameworksBuildPhase section */
		7AD81E0320D6E60C004BAB1E /* Frameworks */ = {
			isa = PBXFrameworksBuildPhase;
			buildActionMask = 2147483647;
			files = (
				7A4930C420D788EA008208D1 /* MapKit.framework in Frameworks */,
				435DC186D6AD8B2957B5E261 /* Pods_MuniTracker.framework in Frameworks */,
			);
			runOnlyForDeploymentPostprocessing = 0;
		};
/* End PBXFrameworksBuildPhase section */

/* Begin PBXGroup section */
		2D1563052C1F31D0CA460FF3 /* Pods */ = {
			isa = PBXGroup;
			children = (
				5A38DAEA35C5177D4880DE8B /* Pods-MuniTracker.debug.xcconfig */,
				D077087D7D618904FC9606AF /* Pods-MuniTracker.release.xcconfig */,
			);
			name = Pods;
			sourceTree = "<group>";
		};
		7AD81DFD20D6E60C004BAB1E = {
			isa = PBXGroup;
			children = (
				7AD81E0820D6E60C004BAB1E /* MuniTracker */,
				7AD81E0720D6E60C004BAB1E /* Products */,
				2D1563052C1F31D0CA460FF3 /* Pods */,
				BF88086283A00694C5C2DF7F /* Frameworks */,
			);
			sourceTree = "<group>";
		};
		7AD81E0720D6E60C004BAB1E /* Products */ = {
			isa = PBXGroup;
			children = (
				7AD81E0620D6E60C004BAB1E /* MuniTracker.app */,
			);
			name = Products;
			sourceTree = "<group>";
		};
		7AD81E0820D6E60C004BAB1E /* MuniTracker */ = {
			isa = PBXGroup;
			children = (
				7A4930C220D788BB008208D1 /* MuniTracker.entitlements */,
				7AD81E0920D6E60C004BAB1E /* AppDelegate.swift */,
				7AD81E0B20D6E60C004BAB1E /* MainMapViewController.swift */,
				7A71722A20D70943002144D5 /* RoutesTableViewController.swift */,
				7A61EF8320D77BE100481037 /* RouteInfoPickerViewController.swift */,
				7AD81E1E20D6EEDB004BAB1E /* RouteDataManager.swift */,
				7AD81E0D20D6E60C004BAB1E /* Main.storyboard */,
				7AD81E1320D6E60D004BAB1E /* Assets.xcassets */,
				7AD81E1520D6E60D004BAB1E /* LaunchScreen.storyboard */,
				7AD81E1820D6E60D004BAB1E /* Info.plist */,
				7AD81E1020D6E60C004BAB1E /* MuniTracker.xcdatamodeld */,
			);
			path = MuniTracker;
			sourceTree = "<group>";
		};
		BF88086283A00694C5C2DF7F /* Frameworks */ = {
			isa = PBXGroup;
			children = (
				7A4930C320D788EA008208D1 /* MapKit.framework */,
				86D6C11870C9016B764B79D1 /* Pods_MuniTracker.framework */,
			);
			name = Frameworks;
			sourceTree = "<group>";
		};
/* End PBXGroup section */

/* Begin PBXNativeTarget section */
		7AD81E0520D6E60C004BAB1E /* MuniTracker */ = {
			isa = PBXNativeTarget;
			buildConfigurationList = 7AD81E1B20D6E60D004BAB1E /* Build configuration list for PBXNativeTarget "MuniTracker" */;
			buildPhases = (
				BA32452EC8EAA602401106F4 /* [CP] Check Pods Manifest.lock */,
				7AD81E0220D6E60C004BAB1E /* Sources */,
				7AD81E0320D6E60C004BAB1E /* Frameworks */,
				7AD81E0420D6E60C004BAB1E /* Resources */,
				5C85132DEB3B340646665543 /* [CP] Embed Pods Frameworks */,
			);
			buildRules = (
			);
			dependencies = (
			);
			name = MuniTracker;
			productName = MuniTracker;
			productReference = 7AD81E0620D6E60C004BAB1E /* MuniTracker.app */;
			productType = "com.apple.product-type.application";
		};
/* End PBXNativeTarget section */

/* Begin PBXProject section */
		7AD81DFE20D6E60C004BAB1E /* Project object */ = {
			isa = PBXProject;
			attributes = {
				LastSwiftUpdateCheck = 1000;
				LastUpgradeCheck = 1000;
				ORGANIZATIONNAME = jackson;
				TargetAttributes = {
					7AD81E0520D6E60C004BAB1E = {
						CreatedOnToolsVersion = 10.0;
						SystemCapabilities = {
							com.apple.ApplicationGroups.iOS = {
								enabled = 1;
							};
							com.apple.BackgroundModes = {
								enabled = 1;
							};
							com.apple.Maps.iOS = {
								enabled = 1;
							};
							com.apple.Siri = {
								enabled = 1;
							};
							com.apple.iCloud = {
								enabled = 1;
							};
						};
					};
				};
			};
			buildConfigurationList = 7AD81E0120D6E60C004BAB1E /* Build configuration list for PBXProject "MuniTracker" */;
			compatibilityVersion = "Xcode 9.3";
			developmentRegion = en;
			hasScannedForEncodings = 0;
			knownRegions = (
				en,
				Base,
			);
			mainGroup = 7AD81DFD20D6E60C004BAB1E;
			productRefGroup = 7AD81E0720D6E60C004BAB1E /* Products */;
			projectDirPath = "";
			projectRoot = "";
			targets = (
				7AD81E0520D6E60C004BAB1E /* MuniTracker */,
			);
		};
/* End PBXProject section */

/* Begin PBXResourcesBuildPhase section */
		7AD81E0420D6E60C004BAB1E /* Resources */ = {
			isa = PBXResourcesBuildPhase;
			buildActionMask = 2147483647;
			files = (
				7AD81E1720D6E60D004BAB1E /* LaunchScreen.storyboard in Resources */,
				7AD81E1420D6E60D004BAB1E /* Assets.xcassets in Resources */,
				7AD81E0F20D6E60C004BAB1E /* Main.storyboard in Resources */,
			);
			runOnlyForDeploymentPostprocessing = 0;
		};
/* End PBXResourcesBuildPhase section */

/* Begin PBXShellScriptBuildPhase section */
		5C85132DEB3B340646665543 /* [CP] Embed Pods Frameworks */ = {
			isa = PBXShellScriptBuildPhase;
			buildActionMask = 2147483647;
			files = (
			);
			inputPaths = (
				"${SRCROOT}/Pods/Target Support Files/Pods-MuniTracker/Pods-MuniTracker-frameworks.sh",
				"${BUILT_PRODUCTS_DIR}/SWXMLHash/SWXMLHash.framework",
			);
			name = "[CP] Embed Pods Frameworks";
			outputPaths = (
				"${TARGET_BUILD_DIR}/${FRAMEWORKS_FOLDER_PATH}/SWXMLHash.framework",
			);
			runOnlyForDeploymentPostprocessing = 0;
			shellPath = /bin/sh;
			shellScript = "\"${SRCROOT}/Pods/Target Support Files/Pods-MuniTracker/Pods-MuniTracker-frameworks.sh\"\n";
			showEnvVarsInLog = 0;
		};
		BA32452EC8EAA602401106F4 /* [CP] Check Pods Manifest.lock */ = {
			isa = PBXShellScriptBuildPhase;
			buildActionMask = 2147483647;
			files = (
			);
			inputPaths = (
				"${PODS_PODFILE_DIR_PATH}/Podfile.lock",
				"${PODS_ROOT}/Manifest.lock",
			);
			name = "[CP] Check Pods Manifest.lock";
			outputPaths = (
				"$(DERIVED_FILE_DIR)/Pods-MuniTracker-checkManifestLockResult.txt",
			);
			runOnlyForDeploymentPostprocessing = 0;
			shellPath = /bin/sh;
			shellScript = "diff \"${PODS_PODFILE_DIR_PATH}/Podfile.lock\" \"${PODS_ROOT}/Manifest.lock\" > /dev/null\nif [ $? != 0 ] ; then\n    # print error to STDERR\n    echo \"error: The sandbox is not in sync with the Podfile.lock. Run 'pod install' or update your CocoaPods installation.\" >&2\n    exit 1\nfi\n# This output is used by Xcode 'outputs' to avoid re-running this script phase.\necho \"SUCCESS\" > \"${SCRIPT_OUTPUT_FILE_0}\"\n";
			showEnvVarsInLog = 0;
		};
/* End PBXShellScriptBuildPhase section */

/* Begin PBXSourcesBuildPhase section */
		7AD81E0220D6E60C004BAB1E /* Sources */ = {
			isa = PBXSourcesBuildPhase;
			buildActionMask = 2147483647;
			files = (
				7AD81E1220D6E60C004BAB1E /* MuniTracker.xcdatamodeld in Sources */,
				7AD81E1F20D6EEDB004BAB1E /* RouteDataManager.swift in Sources */,
				7A61EF8420D77BE100481037 /* RouteInfoPickerViewController.swift in Sources */,
				7AD81E0C20D6E60C004BAB1E /* MainMapViewController.swift in Sources */,
				7AD81E0A20D6E60C004BAB1E /* AppDelegate.swift in Sources */,
				7A71722B20D70943002144D5 /* RoutesTableViewController.swift in Sources */,
			);
			runOnlyForDeploymentPostprocessing = 0;
		};
/* End PBXSourcesBuildPhase section */

/* Begin PBXVariantGroup section */
		7AD81E0D20D6E60C004BAB1E /* Main.storyboard */ = {
			isa = PBXVariantGroup;
			children = (
				7AD81E0E20D6E60C004BAB1E /* Base */,
			);
			name = Main.storyboard;
			sourceTree = "<group>";
		};
		7AD81E1520D6E60D004BAB1E /* LaunchScreen.storyboard */ = {
			isa = PBXVariantGroup;
			children = (
				7AD81E1620D6E60D004BAB1E /* Base */,
			);
			name = LaunchScreen.storyboard;
			sourceTree = "<group>";
		};
/* End PBXVariantGroup section */

/* Begin XCBuildConfiguration section */
		7AD81E1920D6E60D004BAB1E /* Debug */ = {
			isa = XCBuildConfiguration;
			buildSettings = {
				ALWAYS_SEARCH_USER_PATHS = NO;
				CLANG_ANALYZER_NONNULL = YES;
				CLANG_ANALYZER_NUMBER_OBJECT_CONVERSION = YES_AGGRESSIVE;
				CLANG_CXX_LANGUAGE_STANDARD = "gnu++14";
				CLANG_CXX_LIBRARY = "libc++";
				CLANG_ENABLE_MODULES = YES;
				CLANG_ENABLE_OBJC_ARC = YES;
				CLANG_ENABLE_OBJC_WEAK = YES;
				CLANG_WARN_BLOCK_CAPTURE_AUTORELEASING = YES;
				CLANG_WARN_BOOL_CONVERSION = YES;
				CLANG_WARN_COMMA = YES;
				CLANG_WARN_CONSTANT_CONVERSION = YES;
				CLANG_WARN_DEPRECATED_OBJC_IMPLEMENTATIONS = YES;
				CLANG_WARN_DIRECT_OBJC_ISA_USAGE = YES_ERROR;
				CLANG_WARN_DOCUMENTATION_COMMENTS = YES;
				CLANG_WARN_EMPTY_BODY = YES;
				CLANG_WARN_ENUM_CONVERSION = YES;
				CLANG_WARN_INFINITE_RECURSION = YES;
				CLANG_WARN_INT_CONVERSION = YES;
				CLANG_WARN_NON_LITERAL_NULL_CONVERSION = YES;
				CLANG_WARN_OBJC_IMPLICIT_RETAIN_SELF = YES;
				CLANG_WARN_OBJC_LITERAL_CONVERSION = YES;
				CLANG_WARN_OBJC_ROOT_CLASS = YES_ERROR;
				CLANG_WARN_RANGE_LOOP_ANALYSIS = YES;
				CLANG_WARN_STRICT_PROTOTYPES = YES;
				CLANG_WARN_SUSPICIOUS_MOVE = YES;
				CLANG_WARN_UNGUARDED_AVAILABILITY = YES_AGGRESSIVE;
				CLANG_WARN_UNREACHABLE_CODE = YES;
				CLANG_WARN__DUPLICATE_METHOD_MATCH = YES;
				CODE_SIGN_IDENTITY = "iPhone Developer";
				COPY_PHASE_STRIP = NO;
				DEBUG_INFORMATION_FORMAT = dwarf;
				ENABLE_STRICT_OBJC_MSGSEND = YES;
				ENABLE_TESTABILITY = YES;
				GCC_C_LANGUAGE_STANDARD = gnu11;
				GCC_DYNAMIC_NO_PIC = NO;
				GCC_NO_COMMON_BLOCKS = YES;
				GCC_OPTIMIZATION_LEVEL = 0;
				GCC_PREPROCESSOR_DEFINITIONS = (
					"DEBUG=1",
					"$(inherited)",
				);
				GCC_WARN_64_TO_32_BIT_CONVERSION = YES;
				GCC_WARN_ABOUT_RETURN_TYPE = YES_ERROR;
				GCC_WARN_UNDECLARED_SELECTOR = YES;
				GCC_WARN_UNINITIALIZED_AUTOS = YES_AGGRESSIVE;
				GCC_WARN_UNUSED_FUNCTION = YES;
				GCC_WARN_UNUSED_VARIABLE = YES;
				IPHONEOS_DEPLOYMENT_TARGET = 12.0;
				MTL_ENABLE_DEBUG_INFO = INCLUDE_SOURCE;
				ONLY_ACTIVE_ARCH = YES;
				SDKROOT = iphoneos;
				SWIFT_ACTIVE_COMPILATION_CONDITIONS = DEBUG;
				SWIFT_OPTIMIZATION_LEVEL = "-Onone";
			};
			name = Debug;
		};
		7AD81E1A20D6E60D004BAB1E /* Release */ = {
			isa = XCBuildConfiguration;
			buildSettings = {
				ALWAYS_SEARCH_USER_PATHS = NO;
				CLANG_ANALYZER_NONNULL = YES;
				CLANG_ANALYZER_NUMBER_OBJECT_CONVERSION = YES_AGGRESSIVE;
				CLANG_CXX_LANGUAGE_STANDARD = "gnu++14";
				CLANG_CXX_LIBRARY = "libc++";
				CLANG_ENABLE_MODULES = YES;
				CLANG_ENABLE_OBJC_ARC = YES;
				CLANG_ENABLE_OBJC_WEAK = YES;
				CLANG_WARN_BLOCK_CAPTURE_AUTORELEASING = YES;
				CLANG_WARN_BOOL_CONVERSION = YES;
				CLANG_WARN_COMMA = YES;
				CLANG_WARN_CONSTANT_CONVERSION = YES;
				CLANG_WARN_DEPRECATED_OBJC_IMPLEMENTATIONS = YES;
				CLANG_WARN_DIRECT_OBJC_ISA_USAGE = YES_ERROR;
				CLANG_WARN_DOCUMENTATION_COMMENTS = YES;
				CLANG_WARN_EMPTY_BODY = YES;
				CLANG_WARN_ENUM_CONVERSION = YES;
				CLANG_WARN_INFINITE_RECURSION = YES;
				CLANG_WARN_INT_CONVERSION = YES;
				CLANG_WARN_NON_LITERAL_NULL_CONVERSION = YES;
				CLANG_WARN_OBJC_IMPLICIT_RETAIN_SELF = YES;
				CLANG_WARN_OBJC_LITERAL_CONVERSION = YES;
				CLANG_WARN_OBJC_ROOT_CLASS = YES_ERROR;
				CLANG_WARN_RANGE_LOOP_ANALYSIS = YES;
				CLANG_WARN_STRICT_PROTOTYPES = YES;
				CLANG_WARN_SUSPICIOUS_MOVE = YES;
				CLANG_WARN_UNGUARDED_AVAILABILITY = YES_AGGRESSIVE;
				CLANG_WARN_UNREACHABLE_CODE = YES;
				CLANG_WARN__DUPLICATE_METHOD_MATCH = YES;
				CODE_SIGN_IDENTITY = "iPhone Developer";
				COPY_PHASE_STRIP = NO;
				DEBUG_INFORMATION_FORMAT = "dwarf-with-dsym";
				ENABLE_NS_ASSERTIONS = NO;
				ENABLE_STRICT_OBJC_MSGSEND = YES;
				GCC_C_LANGUAGE_STANDARD = gnu11;
				GCC_NO_COMMON_BLOCKS = YES;
				GCC_WARN_64_TO_32_BIT_CONVERSION = YES;
				GCC_WARN_ABOUT_RETURN_TYPE = YES_ERROR;
				GCC_WARN_UNDECLARED_SELECTOR = YES;
				GCC_WARN_UNINITIALIZED_AUTOS = YES_AGGRESSIVE;
				GCC_WARN_UNUSED_FUNCTION = YES;
				GCC_WARN_UNUSED_VARIABLE = YES;
				IPHONEOS_DEPLOYMENT_TARGET = 12.0;
				MTL_ENABLE_DEBUG_INFO = NO;
				SDKROOT = iphoneos;
				SWIFT_COMPILATION_MODE = wholemodule;
				SWIFT_OPTIMIZATION_LEVEL = "-O";
				VALIDATE_PRODUCT = YES;
			};
			name = Release;
		};
		7AD81E1C20D6E60D004BAB1E /* Debug */ = {
			isa = XCBuildConfiguration;
			baseConfigurationReference = 5A38DAEA35C5177D4880DE8B /* Pods-MuniTracker.debug.xcconfig */;
			buildSettings = {
				ASSETCATALOG_COMPILER_APPICON_NAME = AppIcon;
				CODE_SIGN_ENTITLEMENTS = MuniTracker/MuniTracker.entitlements;
				CODE_SIGN_STYLE = Automatic;
				DEVELOPMENT_TEAM = 26Y8AQV29F;
				INFOPLIST_FILE = MuniTracker/Info.plist;
				IPHONEOS_DEPLOYMENT_TARGET = 10.0;
				LD_RUNPATH_SEARCH_PATHS = "$(inherited) @executable_path/Frameworks";
				PRODUCT_BUNDLE_IDENTIFIER = com.jacksonjude.MuniTracker;
				PRODUCT_NAME = "$(TARGET_NAME)";
				SWIFT_VERSION = 4.2;
				TARGETED_DEVICE_FAMILY = "1,2";
			};
			name = Debug;
		};
		7AD81E1D20D6E60D004BAB1E /* Release */ = {
			isa = XCBuildConfiguration;
			baseConfigurationReference = D077087D7D618904FC9606AF /* Pods-MuniTracker.release.xcconfig */;
			buildSettings = {
				ASSETCATALOG_COMPILER_APPICON_NAME = AppIcon;
				CODE_SIGN_ENTITLEMENTS = MuniTracker/MuniTracker.entitlements;
				CODE_SIGN_STYLE = Automatic;
				DEVELOPMENT_TEAM = 26Y8AQV29F;
				INFOPLIST_FILE = MuniTracker/Info.plist;
				IPHONEOS_DEPLOYMENT_TARGET = 10.0;
				LD_RUNPATH_SEARCH_PATHS = "$(inherited) @executable_path/Frameworks";
				PRODUCT_BUNDLE_IDENTIFIER = com.jacksonjude.MuniTracker;
				PRODUCT_NAME = "$(TARGET_NAME)";
				SWIFT_VERSION = 4.2;
				TARGETED_DEVICE_FAMILY = "1,2";
			};
			name = Release;
		};
/* End XCBuildConfiguration section */

/* Begin XCConfigurationList section */
		7AD81E0120D6E60C004BAB1E /* Build configuration list for PBXProject "MuniTracker" */ = {
			isa = XCConfigurationList;
			buildConfigurations = (
				7AD81E1920D6E60D004BAB1E /* Debug */,
				7AD81E1A20D6E60D004BAB1E /* Release */,
			);
			defaultConfigurationIsVisible = 0;
			defaultConfigurationName = Release;
		};
		7AD81E1B20D6E60D004BAB1E /* Build configuration list for PBXNativeTarget "MuniTracker" */ = {
			isa = XCConfigurationList;
			buildConfigurations = (
				7AD81E1C20D6E60D004BAB1E /* Debug */,
				7AD81E1D20D6E60D004BAB1E /* Release */,
			);
			defaultConfigurationIsVisible = 0;
			defaultConfigurationName = Release;
		};
/* End XCConfigurationList section */

/* Begin XCVersionGroup section */
		7AD81E1020D6E60C004BAB1E /* MuniTracker.xcdatamodeld */ = {
			isa = XCVersionGroup;
			children = (
				7AD81E1120D6E60C004BAB1E /* MuniTracker.xcdatamodel */,
			);
			currentVersion = 7AD81E1120D6E60C004BAB1E /* MuniTracker.xcdatamodel */;
			path = MuniTracker.xcdatamodeld;
			sourceTree = "<group>";
			versionGroupType = wrapper.xcdatamodel;
		};
/* End XCVersionGroup section */
	};
	rootObject = 7AD81DFE20D6E60C004BAB1E /* Project object */;
}
